// !$*UTF8*$!
{
	archiveVersion = 1;
	classes = {
	};
	objectVersion = 56;
	objects = {

/* Begin PBXBuildFile section */
		3938C8C72A3379F4002FBA96 /* AppDelegate.swift in Sources */ = {isa = PBXBuildFile; fileRef = 3938C8C62A3379F4002FBA96 /* AppDelegate.swift */; };
		3938C8C92A3379F4002FBA96 /* ContentView.swift in Sources */ = {isa = PBXBuildFile; fileRef = 3938C8C82A3379F4002FBA96 /* ContentView.swift */; };
		3938C8CB2A3379F4002FBA96 /* Experience.rcproject in Sources */ = {isa = PBXBuildFile; fileRef = 3938C8CA2A3379F4002FBA96 /* Experience.rcproject */; };
		3938C8CD2A3379F5002FBA96 /* Assets.xcassets in Resources */ = {isa = PBXBuildFile; fileRef = 3938C8CC2A3379F5002FBA96 /* Assets.xcassets */; };
		3938C8D02A3379F5002FBA96 /* Preview Assets.xcassets in Resources */ = {isa = PBXBuildFile; fileRef = 3938C8CF2A3379F5002FBA96 /* Preview Assets.xcassets */; };
		3938C8DA2A3379F5002FBA96 /* ARwordsTests.swift in Sources */ = {isa = PBXBuildFile; fileRef = 3938C8D92A3379F5002FBA96 /* ARwordsTests.swift */; };
		3938C8E42A3379F5002FBA96 /* ARwordsUITests.swift in Sources */ = {isa = PBXBuildFile; fileRef = 3938C8E32A3379F5002FBA96 /* ARwordsUITests.swift */; };
		3938C8E62A3379F5002FBA96 /* ARwordsUITestsLaunchTests.swift in Sources */ = {isa = PBXBuildFile; fileRef = 3938C8E52A3379F5002FBA96 /* ARwordsUITestsLaunchTests.swift */; };
		3938C8F42A337A58002FBA96 /* Model.xcdatamodeld in Sources */ = {isa = PBXBuildFile; fileRef = 3938C8F22A337A58002FBA96 /* Model.xcdatamodeld */; };
		3938C8F62A337A9B002FBA96 /* word.swift in Sources */ = {isa = PBXBuildFile; fileRef = 3938C8F52A337A9B002FBA96 /* word.swift */; };
		3938C8F82A337ACB002FBA96 /* ViewController.swift in Sources */ = {isa = PBXBuildFile; fileRef = 3938C8F72A337ACB002FBA96 /* ViewController.swift */; };
		39F7D06F2A35AA58003363CE /* audiodown in Resources */ = {isa = PBXBuildFile; fileRef = 39F7D06E2A35AA58003363CE /* audiodown */; };
/* End PBXBuildFile section */

/* Begin PBXContainerItemProxy section */
		3938C8D62A3379F5002FBA96 /* PBXContainerItemProxy */ = {
			isa = PBXContainerItemProxy;
			containerPortal = 3938C8BB2A3379F4002FBA96 /* Project object */;
			proxyType = 1;
			remoteGlobalIDString = 3938C8C22A3379F4002FBA96;
			remoteInfo = ARwords;
		};
		3938C8E02A3379F5002FBA96 /* PBXContainerItemProxy */ = {
			isa = PBXContainerItemProxy;
			containerPortal = 3938C8BB2A3379F4002FBA96 /* Project object */;
			proxyType = 1;
			remoteGlobalIDString = 3938C8C22A3379F4002FBA96;
			remoteInfo = ARwords;
		};
/* End PBXContainerItemProxy section */

/* Begin PBXFileReference section */
		3938C8C32A3379F4002FBA96 /* ARwords.app */ = {isa = PBXFileReference; explicitFileType = wrapper.application; includeInIndex = 0; path = ARwords.app; sourceTree = BUILT_PRODUCTS_DIR; };
		3938C8C62A3379F4002FBA96 /* AppDelegate.swift */ = {isa = PBXFileReference; lastKnownFileType = sourcecode.swift; path = AppDelegate.swift; sourceTree = "<group>"; };
		3938C8C82A3379F4002FBA96 /* ContentView.swift */ = {isa = PBXFileReference; lastKnownFileType = sourcecode.swift; path = ContentView.swift; sourceTree = "<group>"; };
		3938C8CA2A3379F4002FBA96 /* Experience.rcproject */ = {isa = PBXFileReference; lastKnownFileType = file.rcproject; path = Experience.rcproject; sourceTree = "<group>"; };
		3938C8CC2A3379F5002FBA96 /* Assets.xcassets */ = {isa = PBXFileReference; lastKnownFileType = folder.assetcatalog; path = Assets.xcassets; sourceTree = "<group>"; };
		3938C8CF2A3379F5002FBA96 /* Preview Assets.xcassets */ = {isa = PBXFileReference; lastKnownFileType = folder.assetcatalog; path = "Preview Assets.xcassets"; sourceTree = "<group>"; };
		3938C8D52A3379F5002FBA96 /* ARwordsTests.xctest */ = {isa = PBXFileReference; explicitFileType = wrapper.cfbundle; includeInIndex = 0; path = ARwordsTests.xctest; sourceTree = BUILT_PRODUCTS_DIR; };
		3938C8D92A3379F5002FBA96 /* ARwordsTests.swift */ = {isa = PBXFileReference; lastKnownFileType = sourcecode.swift; path = ARwordsTests.swift; sourceTree = "<group>"; };
		3938C8DF2A3379F5002FBA96 /* ARwordsUITests.xctest */ = {isa = PBXFileReference; explicitFileType = wrapper.cfbundle; includeInIndex = 0; path = ARwordsUITests.xctest; sourceTree = BUILT_PRODUCTS_DIR; };
		3938C8E32A3379F5002FBA96 /* ARwordsUITests.swift */ = {isa = PBXFileReference; lastKnownFileType = sourcecode.swift; path = ARwordsUITests.swift; sourceTree = "<group>"; };
		3938C8E52A3379F5002FBA96 /* ARwordsUITestsLaunchTests.swift */ = {isa = PBXFileReference; lastKnownFileType = sourcecode.swift; path = ARwordsUITestsLaunchTests.swift; sourceTree = "<group>"; };
		3938C8F32A337A58002FBA96 /* Model.xcdatamodel */ = {isa = PBXFileReference; lastKnownFileType = wrapper.xcdatamodel; path = Model.xcdatamodel; sourceTree = "<group>"; };
		3938C8F52A337A9B002FBA96 /* word.swift */ = {isa = PBXFileReference; lastKnownFileType = sourcecode.swift; path = word.swift; sourceTree = "<group>"; };
		3938C8F72A337ACB002FBA96 /* ViewController.swift */ = {isa = PBXFileReference; lastKnownFileType = sourcecode.swift; path = ViewController.swift; sourceTree = "<group>"; };
		39F7D06E2A35AA58003363CE /* audiodown */ = {isa = PBXFileReference; lastKnownFileType = folder; name = audiodown; path = ../../../Downloads/audiodown; sourceTree = "<group>"; };
/* End PBXFileReference section */

/* Begin PBXFrameworksBuildPhase section */
		3938C8C02A3379F4002FBA96 /* Frameworks */ = {
			isa = PBXFrameworksBuildPhase;
			buildActionMask = 2147483647;
			files = (
			);
			runOnlyForDeploymentPostprocessing = 0;
		};
		3938C8D22A3379F5002FBA96 /* Frameworks */ = {
			isa = PBXFrameworksBuildPhase;
			buildActionMask = 2147483647;
			files = (
			);
			runOnlyForDeploymentPostprocessing = 0;
		};
		3938C8DC2A3379F5002FBA96 /* Frameworks */ = {
			isa = PBXFrameworksBuildPhase;
			buildActionMask = 2147483647;
			files = (
			);
			runOnlyForDeploymentPostprocessing = 0;
		};
/* End PBXFrameworksBuildPhase section */

/* Begin PBXGroup section */
		3938C8BA2A3379F4002FBA96 = {
			isa = PBXGroup;
			children = (
				3938C8F22A337A58002FBA96 /* Model.xcdatamodeld */,
				3938C8C52A3379F4002FBA96 /* ARwords */,
				3938C8D82A3379F5002FBA96 /* ARwordsTests */,
				3938C8E22A3379F5002FBA96 /* ARwordsUITests */,
				3938C8C42A3379F4002FBA96 /* Products */,
			);
			sourceTree = "<group>";
		};
		3938C8C42A3379F4002FBA96 /* Products */ = {
			isa = PBXGroup;
			children = (
				3938C8C32A3379F4002FBA96 /* ARwords.app */,
				3938C8D52A3379F5002FBA96 /* ARwordsTests.xctest */,
				3938C8DF2A3379F5002FBA96 /* ARwordsUITests.xctest */,
			);
			name = Products;
			sourceTree = "<group>";
		};
		3938C8C52A3379F4002FBA96 /* ARwords */ = {
			isa = PBXGroup;
			children = (
				39F7D06E2A35AA58003363CE /* audiodown */,
				3938C8F52A337A9B002FBA96 /* word.swift */,
				3938C8F72A337ACB002FBA96 /* ViewController.swift */,
				3938C8C62A3379F4002FBA96 /* AppDelegate.swift */,
				3938C8C82A3379F4002FBA96 /* ContentView.swift */,
				3938C8CA2A3379F4002FBA96 /* Experience.rcproject */,
				3938C8CC2A3379F5002FBA96 /* Assets.xcassets */,
				3938C8CE2A3379F5002FBA96 /* Preview Content */,
			);
			path = ARwords;
			sourceTree = "<group>";
		};
		3938C8CE2A3379F5002FBA96 /* Preview Content */ = {
			isa = PBXGroup;
			children = (
				3938C8CF2A3379F5002FBA96 /* Preview Assets.xcassets */,
			);
			path = "Preview Content";
			sourceTree = "<group>";
		};
		3938C8D82A3379F5002FBA96 /* ARwordsTests */ = {
			isa = PBXGroup;
			children = (
				3938C8D92A3379F5002FBA96 /* ARwordsTests.swift */,
			);
			path = ARwordsTests;
			sourceTree = "<group>";
		};
		3938C8E22A3379F5002FBA96 /* ARwordsUITests */ = {
			isa = PBXGroup;
			children = (
				3938C8E32A3379F5002FBA96 /* ARwordsUITests.swift */,
				3938C8E52A3379F5002FBA96 /* ARwordsUITestsLaunchTests.swift */,
			);
			path = ARwordsUITests;
			sourceTree = "<group>";
		};
/* End PBXGroup section */

/* Begin PBXNativeTarget section */
		3938C8C22A3379F4002FBA96 /* ARwords */ = {
			isa = PBXNativeTarget;
			buildConfigurationList = 3938C8E92A3379F5002FBA96 /* Build configuration list for PBXNativeTarget "ARwords" */;
			buildPhases = (
				3938C8BF2A3379F4002FBA96 /* Sources */,
				3938C8C02A3379F4002FBA96 /* Frameworks */,
				3938C8C12A3379F4002FBA96 /* Resources */,
			);
			buildRules = (
			);
			dependencies = (
			);
			name = ARwords;
			productName = ARwords;
			productReference = 3938C8C32A3379F4002FBA96 /* ARwords.app */;
			productType = "com.apple.product-type.application";
		};
		3938C8D42A3379F5002FBA96 /* ARwordsTests */ = {
			isa = PBXNativeTarget;
			buildConfigurationList = 3938C8EC2A3379F5002FBA96 /* Build configuration list for PBXNativeTarget "ARwordsTests" */;
			buildPhases = (
				3938C8D12A3379F5002FBA96 /* Sources */,
				3938C8D22A3379F5002FBA96 /* Frameworks */,
				3938C8D32A3379F5002FBA96 /* Resources */,
			);
			buildRules = (
			);
			dependencies = (
				3938C8D72A3379F5002FBA96 /* PBXTargetDependency */,
			);
			name = ARwordsTests;
			productName = ARwordsTests;
			productReference = 3938C8D52A3379F5002FBA96 /* ARwordsTests.xctest */;
			productType = "com.apple.product-type.bundle.unit-test";
		};
		3938C8DE2A3379F5002FBA96 /* ARwordsUITests */ = {
			isa = PBXNativeTarget;
			buildConfigurationList = 3938C8EF2A3379F5002FBA96 /* Build configuration list for PBXNativeTarget "ARwordsUITests" */;
			buildPhases = (
				3938C8DB2A3379F5002FBA96 /* Sources */,
				3938C8DC2A3379F5002FBA96 /* Frameworks */,
				3938C8DD2A3379F5002FBA96 /* Resources */,
			);
			buildRules = (
			);
			dependencies = (
				3938C8E12A3379F5002FBA96 /* PBXTargetDependency */,
			);
			name = ARwordsUITests;
			productName = ARwordsUITests;
			productReference = 3938C8DF2A3379F5002FBA96 /* ARwordsUITests.xctest */;
			productType = "com.apple.product-type.bundle.ui-testing";
		};
/* End PBXNativeTarget section */

/* Begin PBXProject section */
		3938C8BB2A3379F4002FBA96 /* Project object */ = {
			isa = PBXProject;
			attributes = {
				BuildIndependentTargetsInParallel = 1;
				LastSwiftUpdateCheck = 1430;
				LastUpgradeCheck = 1430;
				TargetAttributes = {
					3938C8C22A3379F4002FBA96 = {
						CreatedOnToolsVersion = 14.3;
					};
					3938C8D42A3379F5002FBA96 = {
						CreatedOnToolsVersion = 14.3;
						TestTargetID = 3938C8C22A3379F4002FBA96;
					};
					3938C8DE2A3379F5002FBA96 = {
						CreatedOnToolsVersion = 14.3;
						TestTargetID = 3938C8C22A3379F4002FBA96;
					};
				};
			};
			buildConfigurationList = 3938C8BE2A3379F4002FBA96 /* Build configuration list for PBXProject "ARwords" */;
			compatibilityVersion = "Xcode 14.0";
			developmentRegion = en;
			hasScannedForEncodings = 0;
			knownRegions = (
				en,
				Base,
			);
			mainGroup = 3938C8BA2A3379F4002FBA96;
			productRefGroup = 3938C8C42A3379F4002FBA96 /* Products */;
			projectDirPath = "";
			projectRoot = "";
			targets = (
				3938C8C22A3379F4002FBA96 /* ARwords */,
				3938C8D42A3379F5002FBA96 /* ARwordsTests */,
				3938C8DE2A3379F5002FBA96 /* ARwordsUITests */,
			);
		};
/* End PBXProject section */

/* Begin PBXResourcesBuildPhase section */
		3938C8C12A3379F4002FBA96 /* Resources */ = {
			isa = PBXResourcesBuildPhase;
			buildActionMask = 2147483647;
			files = (
				3938C8D02A3379F5002FBA96 /* Preview Assets.xcassets in Resources */,
				39F7D06F2A35AA58003363CE /* audiodown in Resources */,
				3938C8CD2A3379F5002FBA96 /* Assets.xcassets in Resources */,
			);
			runOnlyForDeploymentPostprocessing = 0;
		};
		3938C8D32A3379F5002FBA96 /* Resources */ = {
			isa = PBXResourcesBuildPhase;
			buildActionMask = 2147483647;
			files = (
			);
			runOnlyForDeploymentPostprocessing = 0;
		};
		3938C8DD2A3379F5002FBA96 /* Resources */ = {
			isa = PBXResourcesBuildPhase;
			buildActionMask = 2147483647;
			files = (
			);
			runOnlyForDeploymentPostprocessing = 0;
		};
/* End PBXResourcesBuildPhase section */

/* Begin PBXSourcesBuildPhase section */
		3938C8BF2A3379F4002FBA96 /* Sources */ = {
			isa = PBXSourcesBuildPhase;
			buildActionMask = 2147483647;
			files = (
				3938C8F82A337ACB002FBA96 /* ViewController.swift in Sources */,
				3938C8C92A3379F4002FBA96 /* ContentView.swift in Sources */,
				3938C8C72A3379F4002FBA96 /* AppDelegate.swift in Sources */,
				3938C8CB2A3379F4002FBA96 /* Experience.rcproject in Sources */,
				3938C8F42A337A58002FBA96 /* Model.xcdatamodeld in Sources */,
				3938C8F62A337A9B002FBA96 /* word.swift in Sources */,
			);
			runOnlyForDeploymentPostprocessing = 0;
		};
		3938C8D12A3379F5002FBA96 /* Sources */ = {
			isa = PBXSourcesBuildPhase;
			buildActionMask = 2147483647;
			files = (
				3938C8DA2A3379F5002FBA96 /* ARwordsTests.swift in Sources */,
			);
			runOnlyForDeploymentPostprocessing = 0;
		};
		3938C8DB2A3379F5002FBA96 /* Sources */ = {
			isa = PBXSourcesBuildPhase;
			buildActionMask = 2147483647;
			files = (
				3938C8E42A3379F5002FBA96 /* ARwordsUITests.swift in Sources */,
				3938C8E62A3379F5002FBA96 /* ARwordsUITestsLaunchTests.swift in Sources */,
			);
			runOnlyForDeploymentPostprocessing = 0;
		};
/* End PBXSourcesBuildPhase section */

/* Begin PBXTargetDependency section */
		3938C8D72A3379F5002FBA96 /* PBXTargetDependency */ = {
			isa = PBXTargetDependency;
			target = 3938C8C22A3379F4002FBA96 /* ARwords */;
			targetProxy = 3938C8D62A3379F5002FBA96 /* PBXContainerItemProxy */;
		};
		3938C8E12A3379F5002FBA96 /* PBXTargetDependency */ = {
			isa = PBXTargetDependency;
			target = 3938C8C22A3379F4002FBA96 /* ARwords */;
			targetProxy = 3938C8E02A3379F5002FBA96 /* PBXContainerItemProxy */;
		};
/* End PBXTargetDependency section */

/* Begin XCBuildConfiguration section */
		3938C8E72A3379F5002FBA96 /* Debug */ = {
			isa = XCBuildConfiguration;
			buildSettings = {
				ALWAYS_SEARCH_USER_PATHS = NO;
				CLANG_ANALYZER_NONNULL = YES;
				CLANG_ANALYZER_NUMBER_OBJECT_CONVERSION = YES_AGGRESSIVE;
				CLANG_CXX_LANGUAGE_STANDARD = "gnu++20";
				CLANG_ENABLE_MODULES = YES;
				CLANG_ENABLE_OBJC_ARC = YES;
				CLANG_ENABLE_OBJC_WEAK = YES;
				CLANG_WARN_BLOCK_CAPTURE_AUTORELEASING = YES;
				CLANG_WARN_BOOL_CONVERSION = YES;
				CLANG_WARN_COMMA = YES;
				CLANG_WARN_CONSTANT_CONVERSION = YES;
				CLANG_WARN_DEPRECATED_OBJC_IMPLEMENTATIONS = YES;
				CLANG_WARN_DIRECT_OBJC_ISA_USAGE = YES_ERROR;
				CLANG_WARN_DOCUMENTATION_COMMENTS = YES;
				CLANG_WARN_EMPTY_BODY = YES;
				CLANG_WARN_ENUM_CONVERSION = YES;
				CLANG_WARN_INFINITE_RECURSION = YES;
				CLANG_WARN_INT_CONVERSION = YES;
				CLANG_WARN_NON_LITERAL_NULL_CONVERSION = YES;
				CLANG_WARN_OBJC_IMPLICIT_RETAIN_SELF = YES;
				CLANG_WARN_OBJC_LITERAL_CONVERSION = YES;
				CLANG_WARN_OBJC_ROOT_CLASS = YES_ERROR;
				CLANG_WARN_QUOTED_INCLUDE_IN_FRAMEWORK_HEADER = YES;
				CLANG_WARN_RANGE_LOOP_ANALYSIS = YES;
				CLANG_WARN_STRICT_PROTOTYPES = YES;
				CLANG_WARN_SUSPICIOUS_MOVE = YES;
				CLANG_WARN_UNGUARDED_AVAILABILITY = YES_AGGRESSIVE;
				CLANG_WARN_UNREACHABLE_CODE = YES;
				CLANG_WARN__DUPLICATE_METHOD_MATCH = YES;
				COPY_PHASE_STRIP = NO;
				DEBUG_INFORMATION_FORMAT = dwarf;
				ENABLE_STRICT_OBJC_MSGSEND = YES;
				ENABLE_TESTABILITY = YES;
				GCC_C_LANGUAGE_STANDARD = gnu11;
				GCC_DYNAMIC_NO_PIC = NO;
				GCC_NO_COMMON_BLOCKS = YES;
				GCC_OPTIMIZATION_LEVEL = 0;
				GCC_PREPROCESSOR_DEFINITIONS = (
					"DEBUG=1",
					"$(inherited)",
				);
				GCC_WARN_64_TO_32_BIT_CONVERSION = YES;
				GCC_WARN_ABOUT_RETURN_TYPE = YES_ERROR;
				GCC_WARN_UNDECLARED_SELECTOR = YES;
				GCC_WARN_UNINITIALIZED_AUTOS = YES_AGGRESSIVE;
				GCC_WARN_UNUSED_FUNCTION = YES;
				GCC_WARN_UNUSED_VARIABLE = YES;
				IPHONEOS_DEPLOYMENT_TARGET = 16.4;
				MTL_ENABLE_DEBUG_INFO = INCLUDE_SOURCE;
				MTL_FAST_MATH = YES;
				ONLY_ACTIVE_ARCH = YES;
				SDKROOT = iphoneos;
				SWIFT_ACTIVE_COMPILATION_CONDITIONS = DEBUG;
				SWIFT_OPTIMIZATION_LEVEL = "-Onone";
			};
			name = Debug;
		};
		3938C8E82A3379F5002FBA96 /* Release */ = {
			isa = XCBuildConfiguration;
			buildSettings = {
				ALWAYS_SEARCH_USER_PATHS = NO;
				CLANG_ANALYZER_NONNULL = YES;
				CLANG_ANALYZER_NUMBER_OBJECT_CONVERSION = YES_AGGRESSIVE;
				CLANG_CXX_LANGUAGE_STANDARD = "gnu++20";
				CLANG_ENABLE_MODULES = YES;
				CLANG_ENABLE_OBJC_ARC = YES;
				CLANG_ENABLE_OBJC_WEAK = YES;
				CLANG_WARN_BLOCK_CAPTURE_AUTORELEASING = YES;
				CLANG_WARN_BOOL_CONVERSION = YES;
				CLANG_WARN_COMMA = YES;
				CLANG_WARN_CONSTANT_CONVERSION = YES;
				CLANG_WARN_DEPRECATED_OBJC_IMPLEMENTATIONS = YES;
				CLANG_WARN_DIRECT_OBJC_ISA_USAGE = YES_ERROR;
				CLANG_WARN_DOCUMENTATION_COMMENTS = YES;
				CLANG_WARN_EMPTY_BODY = YES;
				CLANG_WARN_ENUM_CONVERSION = YES;
				CLANG_WARN_INFINITE_RECURSION = YES;
				CLANG_WARN_INT_CONVERSION = YES;
				CLANG_WARN_NON_LITERAL_NULL_CONVERSION = YES;
				CLANG_WARN_OBJC_IMPLICIT_RETAIN_SELF = YES;
				CLANG_WARN_OBJC_LITERAL_CONVERSION = YES;
				CLANG_WARN_OBJC_ROOT_CLASS = YES_ERROR;
				CLANG_WARN_QUOTED_INCLUDE_IN_FRAMEWORK_HEADER = YES;
				CLANG_WARN_RANGE_LOOP_ANALYSIS = YES;
				CLANG_WARN_STRICT_PROTOTYPES = YES;
				CLANG_WARN_SUSPICIOUS_MOVE = YES;
				CLANG_WARN_UNGUARDED_AVAILABILITY = YES_AGGRESSIVE;
				CLANG_WARN_UNREACHABLE_CODE = YES;
				CLANG_WARN__DUPLICATE_METHOD_MATCH = YES;
				COPY_PHASE_STRIP = NO;
				DEBUG_INFORMATION_FORMAT = "dwarf-with-dsym";
				ENABLE_NS_ASSERTIONS = NO;
				ENABLE_STRICT_OBJC_MSGSEND = YES;
				GCC_C_LANGUAGE_STANDARD = gnu11;
				GCC_NO_COMMON_BLOCKS = YES;
				GCC_WARN_64_TO_32_BIT_CONVERSION = YES;
				GCC_WARN_ABOUT_RETURN_TYPE = YES_ERROR;
				GCC_WARN_UNDECLARED_SELECTOR = YES;
				GCC_WARN_UNINITIALIZED_AUTOS = YES_AGGRESSIVE;
				GCC_WARN_UNUSED_FUNCTION = YES;
				GCC_WARN_UNUSED_VARIABLE = YES;
				IPHONEOS_DEPLOYMENT_TARGET = 16.4;
				MTL_ENABLE_DEBUG_INFO = NO;
				MTL_FAST_MATH = YES;
				SDKROOT = iphoneos;
				SWIFT_COMPILATION_MODE = wholemodule;
				SWIFT_OPTIMIZATION_LEVEL = "-O";
				VALIDATE_PRODUCT = YES;
			};
			name = Release;
		};
		3938C8EA2A3379F5002FBA96 /* Debug */ = {
			isa = XCBuildConfiguration;
			buildSettings = {
				ASSETCATALOG_COMPILER_APPICON_NAME = AppIcon;
				ASSETCATALOG_COMPILER_GLOBAL_ACCENT_COLOR_NAME = AccentColor;
				CODE_SIGN_STYLE = Automatic;
				CURRENT_PROJECT_VERSION = 1;
				DEVELOPMENT_ASSET_PATHS = "\"ARwords/Preview Content\"";
				DEVELOPMENT_TEAM = 3STM9V8DT5;
				ENABLE_PREVIEWS = YES;
				GENERATE_INFOPLIST_FILE = YES;
				INFOPLIST_KEY_NSCameraUsageDescription = "";
				INFOPLIST_KEY_UIApplicationSupportsIndirectInputEvents = YES;
				INFOPLIST_KEY_UILaunchScreen_Generation = YES;
				INFOPLIST_KEY_UIRequiredDeviceCapabilities = arkit;
				INFOPLIST_KEY_UIStatusBarHidden = YES;
				INFOPLIST_KEY_UISupportedInterfaceOrientations_iPad = "UIInterfaceOrientationPortrait UIInterfaceOrientationPortraitUpsideDown UIInterfaceOrientationLandscapeLeft UIInterfaceOrientationLandscapeRight";
				INFOPLIST_KEY_UISupportedInterfaceOrientations_iPhone = "UIInterfaceOrientationPortrait UIInterfaceOrientationLandscapeLeft UIInterfaceOrientationLandscapeRight";
				IPHONEOS_DEPLOYMENT_TARGET = 16.2;
				LD_RUNPATH_SEARCH_PATHS = (
					"$(inherited)",
					"@executable_path/Frameworks",
				);
				MARKETING_VERSION = 1.0;
				PRODUCT_BUNDLE_IDENTIFIER = "-200105263.ARwords";
				PRODUCT_NAME = "$(TARGET_NAME)";
				SWIFT_EMIT_LOC_STRINGS = YES;
				SWIFT_VERSION = 5.0;
				TARGETED_DEVICE_FAMILY = "1,2";
			};
			name = Debug;
		};
		3938C8EB2A3379F5002FBA96 /* Release */ = {
			isa = XCBuildConfiguration;
			buildSettings = {
				ASSETCATALOG_COMPILER_APPICON_NAME = AppIcon;
				ASSETCATALOG_COMPILER_GLOBAL_ACCENT_COLOR_NAME = AccentColor;
				CODE_SIGN_STYLE = Automatic;
				CURRENT_PROJECT_VERSION = 1;
				DEVELOPMENT_ASSET_PATHS = "\"ARwords/Preview Content\"";
				DEVELOPMENT_TEAM = 3STM9V8DT5;
				ENABLE_PREVIEWS = YES;
				GENERATE_INFOPLIST_FILE = YES;
				INFOPLIST_KEY_NSCameraUsageDescription = "";
				INFOPLIST_KEY_UIApplicationSupportsIndirectInputEvents = YES;
				INFOPLIST_KEY_UILaunchScreen_Generation = YES;
				INFOPLIST_KEY_UIRequiredDeviceCapabilities = arkit;
				INFOPLIST_KEY_UIStatusBarHidden = YES;
				INFOPLIST_KEY_UISupportedInterfaceOrientations_iPad = "UIInterfaceOrientationPortrait UIInterfaceOrientationPortraitUpsideDown UIInterfaceOrientationLandscapeLeft UIInterfaceOrientationLandscapeRight";
				INFOPLIST_KEY_UISupportedInterfaceOrientations_iPhone = "UIInterfaceOrientationPortrait UIInterfaceOrientationLandscapeLeft UIInterfaceOrientationLandscapeRight";
				IPHONEOS_DEPLOYMENT_TARGET = 16.2;
				LD_RUNPATH_SEARCH_PATHS = (
					"$(inherited)",
					"@executable_path/Frameworks",
				);
				MARKETING_VERSION = 1.0;
				PRODUCT_BUNDLE_IDENTIFIER = "-200105263.ARwords";
				PRODUCT_NAME = "$(TARGET_NAME)";
				SWIFT_EMIT_LOC_STRINGS = YES;
				SWIFT_VERSION = 5.0;
				TARGETED_DEVICE_FAMILY = "1,2";
			};
			name = Release;
		};
		3938C8ED2A3379F5002FBA96 /* Debug */ = {
			isa = XCBuildConfiguration;
			buildSettings = {
				ALWAYS_EMBED_SWIFT_STANDARD_LIBRARIES = YES;
				BUNDLE_LOADER = "$(TEST_HOST)";
				CODE_SIGN_STYLE = Automatic;
				CURRENT_PROJECT_VERSION = 1;
				DEVELOPMENT_TEAM = 3STM9V8DT5;
				GENERATE_INFOPLIST_FILE = YES;
				IPHONEOS_DEPLOYMENT_TARGET = 16.4;
				MARKETING_VERSION = 1.0;
				PRODUCT_BUNDLE_IDENTIFIER = "-200105263.ARwordsTests";
				PRODUCT_NAME = "$(TARGET_NAME)";
				SWIFT_EMIT_LOC_STRINGS = NO;
				SWIFT_VERSION = 5.0;
				TARGETED_DEVICE_FAMILY = "1,2";
				TEST_HOST = "$(BUILT_PRODUCTS_DIR)/ARwords.app/$(BUNDLE_EXECUTABLE_FOLDER_PATH)/ARwords";
			};
			name = Debug;
		};
		3938C8EE2A3379F5002FBA96 /* Release */ = {
			isa = XCBuildConfiguration;
			buildSettings = {
				ALWAYS_EMBED_SWIFT_STANDARD_LIBRARIES = YES;
				BUNDLE_LOADER = "$(TEST_HOST)";
				CODE_SIGN_STYLE = Automatic;
				CURRENT_PROJECT_VERSION = 1;
				DEVELOPMENT_TEAM = 3STM9V8DT5;
				GENERATE_INFOPLIST_FILE = YES;
				IPHONEOS_DEPLOYMENT_TARGET = 16.4;
				MARKETING_VERSION = 1.0;
				PRODUCT_BUNDLE_IDENTIFIER = "-200105263.ARwordsTests";
				PRODUCT_NAME = "$(TARGET_NAME)";
				SWIFT_EMIT_LOC_STRINGS = NO;
				SWIFT_VERSION = 5.0;
				TARGETED_DEVICE_FAMILY = "1,2";
				TEST_HOST = "$(BUILT_PRODUCTS_DIR)/ARwords.app/$(BUNDLE_EXECUTABLE_FOLDER_PATH)/ARwords";
			};
			name = Release;
		};
		3938C8F02A3379F5002FBA96 /* Debug */ = {
			isa = XCBuildConfiguration;
			buildSettings = {
				ALWAYS_EMBED_SWIFT_STANDARD_LIBRARIES = YES;
				CODE_SIGN_STYLE = Automatic;
				CURRENT_PROJECT_VERSION = 1;
				DEVELOPMENT_TEAM = 3STM9V8DT5;
				GENERATE_INFOPLIST_FILE = YES;
				MARKETING_VERSION = 1.0;
				PRODUCT_BUNDLE_IDENTIFIER = "-200105263.ARwordsUITests";
				PRODUCT_NAME = "$(TARGET_NAME)";
				SWIFT_EMIT_LOC_STRINGS = NO;
				SWIFT_VERSION = 5.0;
				TARGETED_DEVICE_FAMILY = "1,2";
				TEST_TARGET_NAME = ARwords;
			};
			name = Debug;
		};
		3938C8F12A3379F5002FBA96 /* Release */ = {
			isa = XCBuildConfiguration;
			buildSettings = {
				ALWAYS_EMBED_SWIFT_STANDARD_LIBRARIES = YES;
				CODE_SIGN_STYLE = Automatic;
				CURRENT_PROJECT_VERSION = 1;
				DEVELOPMENT_TEAM = 3STM9V8DT5;
				GENERATE_INFOPLIST_FILE = YES;
				MARKETING_VERSION = 1.0;
				PRODUCT_BUNDLE_IDENTIFIER = "-200105263.ARwordsUITests";
				PRODUCT_NAME = "$(TARGET_NAME)";
				SWIFT_EMIT_LOC_STRINGS = NO;
				SWIFT_VERSION = 5.0;
				TARGETED_DEVICE_FAMILY = "1,2";
				TEST_TARGET_NAME = ARwords;
			};
			name = Release;
		};
/* End XCBuildConfiguration section */

/* Begin XCConfigurationList section */
		3938C8BE2A3379F4002FBA96 /* Build configuration list for PBXProject "ARwords" */ = {
			isa = XCConfigurationList;
			buildConfigurations = (
				3938C8E72A3379F5002FBA96 /* Debug */,
				3938C8E82A3379F5002FBA96 /* Release */,
			);
			defaultConfigurationIsVisible = 0;
			defaultConfigurationName = Release;
		};
		3938C8E92A3379F5002FBA96 /* Build configuration list for PBXNativeTarget "ARwords" */ = {
			isa = XCConfigurationList;
			buildConfigurations = (
				3938C8EA2A3379F5002FBA96 /* Debug */,
				3938C8EB2A3379F5002FBA96 /* Release */,
			);
			defaultConfigurationIsVisible = 0;
			defaultConfigurationName = Release;
		};
		3938C8EC2A3379F5002FBA96 /* Build configuration list for PBXNativeTarget "ARwordsTests" */ = {
			isa = XCConfigurationList;
			buildConfigurations = (
				3938C8ED2A3379F5002FBA96 /* Debug */,
				3938C8EE2A3379F5002FBA96 /* Release */,
			);
			defaultConfigurationIsVisible = 0;
			defaultConfigurationName = Release;
		};
		3938C8EF2A3379F5002FBA96 /* Build configuration list for PBXNativeTarget "ARwordsUITests" */ = {
			isa = XCConfigurationList;
			buildConfigurations = (
				3938C8F02A3379F5002FBA96 /* Debug */,
				3938C8F12A3379F5002FBA96 /* Release */,
			);
			defaultConfigurationIsVisible = 0;
			defaultConfigurationName = Release;
		};
/* End XCConfigurationList section */

/* Begin XCVersionGroup section */
		3938C8F22A337A58002FBA96 /* Model.xcdatamodeld */ = {
			isa = XCVersionGroup;
			children = (
				3938C8F32A337A58002FBA96 /* Model.xcdatamodel */,
			);
			currentVersion = 3938C8F32A337A58002FBA96 /* Model.xcdatamodel */;
			path = Model.xcdatamodeld;
			sourceTree = "<group>";
			versionGroupType = wrapper.xcdatamodel;
		};
/* End XCVersionGroup section */
	};
	rootObject = 3938C8BB2A3379F4002FBA96 /* Project object */;
}
