// !$*UTF8*$!
{
	archiveVersion = 1;
	classes = {
	};
	objectVersion = 56;
	objects = {

/* Begin PBXBuildFile section */
		5D65841E2A35ACAB006B4CC4 /* MainUIView.swift in Sources */ = {isa = PBXBuildFile; fileRef = 5D65841D2A35ACAB006B4CC4 /* MainUIView.swift */; };
		5D6584202A36FF4D006B4CC4 /* EditWordView.swift in Sources */ = {isa = PBXBuildFile; fileRef = 5D65841F2A36FF4D006B4CC4 /* EditWordView.swift */; };
		5D6584222A371319006B4CC4 /* AddWordForm.swift in Sources */ = {isa = PBXBuildFile; fileRef = 5D6584212A371319006B4CC4 /* AddWordForm.swift */; };
		5D7559EF2A334E7900052CB9 /* FinalProjectUIApp.swift in Sources */ = {isa = PBXBuildFile; fileRef = 5D7559EE2A334E7900052CB9 /* FinalProjectUIApp.swift */; };
		5D7559F12A334E7900052CB9 /* ContentView.swift in Sources */ = {isa = PBXBuildFile; fileRef = 5D7559F02A334E7900052CB9 /* ContentView.swift */; };
		5D7559F32A334E7D00052CB9 /* Assets.xcassets in Resources */ = {isa = PBXBuildFile; fileRef = 5D7559F22A334E7D00052CB9 /* Assets.xcassets */; };
		5D7559F62A334E7D00052CB9 /* Preview Assets.xcassets in Resources */ = {isa = PBXBuildFile; fileRef = 5D7559F52A334E7D00052CB9 /* Preview Assets.xcassets */; };
		5D7559FF2A336B2D00052CB9 /* WordList.swift in Sources */ = {isa = PBXBuildFile; fileRef = 5D7559FE2A336B2D00052CB9 /* WordList.swift */; };
		5D755A022A336B8B00052CB9 /* Word.swift in Sources */ = {isa = PBXBuildFile; fileRef = 5D755A012A336B8B00052CB9 /* Word.swift */; };
		5D755A042A336D5A00052CB9 /* WordRow.swift in Sources */ = {isa = PBXBuildFile; fileRef = 5D755A032A336D5A00052CB9 /* WordRow.swift */; };
		5D755A062A3469F900052CB9 /* WordBook.swift in Sources */ = {isa = PBXBuildFile; fileRef = 5D755A052A3469F900052CB9 /* WordBook.swift */; };
		5D755A082A346D3200052CB9 /* WordBookDisplay.swift in Sources */ = {isa = PBXBuildFile; fileRef = 5D755A072A346D3200052CB9 /* WordBookDisplay.swift */; };
		5D755A0D2A3487F400052CB9 /* ChartData.swift in Sources */ = {isa = PBXBuildFile; fileRef = 5D755A0C2A3487F400052CB9 /* ChartData.swift */; };
		5D755A0F2A348EB400052CB9 /* PieChart.swift in Sources */ = {isa = PBXBuildFile; fileRef = 5D755A0E2A348EB400052CB9 /* PieChart.swift */; };
		B81189B42A377FFB0063BE4A /* ViewController.swift in Sources */ = {isa = PBXBuildFile; fileRef = B81189B32A377FFB0063BE4A /* ViewController.swift */; };
		B81189B62A37804F0063BE4A /* ARContentView.swift in Sources */ = {isa = PBXBuildFile; fileRef = B81189B52A37804F0063BE4A /* ARContentView.swift */; };
		B81F80F02A3DED58007CE396 /* HzzzJson.swift in Sources */ = {isa = PBXBuildFile; fileRef = B81F80EF2A3DED58007CE396 /* HzzzJson.swift */; };
		B81F80F32A3DEE7E007CE396 /* JsonPersistence.swift in Sources */ = {isa = PBXBuildFile; fileRef = B81F80F22A3DEE7E007CE396 /* JsonPersistence.swift */; };
		B851FABB2A3F4E1600571109 /* pick.wav in Resources */ = {isa = PBXBuildFile; fileRef = B851FABA2A3F4E1600571109 /* pick.wav */; };
		B851FABD2A3F4E9A00571109 /* place.wav in Resources */ = {isa = PBXBuildFile; fileRef = B851FABC2A3F4E9A00571109 /* place.wav */; };
		B8C9ACBE2A3F475C00E080C9 /* default.json in Resources */ = {isa = PBXBuildFile; fileRef = B8C9ACBD2A3F475C00E080C9 /* default.json */; };
/* End PBXBuildFile section */

/* Begin PBXFileReference section */
		5D65841D2A35ACAB006B4CC4 /* MainUIView.swift */ = {isa = PBXFileReference; lastKnownFileType = sourcecode.swift; path = MainUIView.swift; sourceTree = "<group>"; };
		5D65841F2A36FF4D006B4CC4 /* EditWordView.swift */ = {isa = PBXFileReference; lastKnownFileType = sourcecode.swift; path = EditWordView.swift; sourceTree = "<group>"; };
		5D6584212A371319006B4CC4 /* AddWordForm.swift */ = {isa = PBXFileReference; lastKnownFileType = sourcecode.swift; path = AddWordForm.swift; sourceTree = "<group>"; };
		5D7559EB2A334E7900052CB9 /* AR Words.app */ = {isa = PBXFileReference; explicitFileType = wrapper.application; includeInIndex = 0; path = "AR Words.app"; sourceTree = BUILT_PRODUCTS_DIR; };
		5D7559EE2A334E7900052CB9 /* FinalProjectUIApp.swift */ = {isa = PBXFileReference; lastKnownFileType = sourcecode.swift; path = FinalProjectUIApp.swift; sourceTree = "<group>"; };
		5D7559F02A334E7900052CB9 /* ContentView.swift */ = {isa = PBXFileReference; lastKnownFileType = sourcecode.swift; path = ContentView.swift; sourceTree = "<group>"; };
		5D7559F22A334E7D00052CB9 /* Assets.xcassets */ = {isa = PBXFileReference; lastKnownFileType = folder.assetcatalog; path = Assets.xcassets; sourceTree = "<group>"; };
		5D7559F52A334E7D00052CB9 /* Preview Assets.xcassets */ = {isa = PBXFileReference; lastKnownFileType = folder.assetcatalog; path = "Preview Assets.xcassets"; sourceTree = "<group>"; };
		5D7559FE2A336B2D00052CB9 /* WordList.swift */ = {isa = PBXFileReference; lastKnownFileType = sourcecode.swift; path = WordList.swift; sourceTree = "<group>"; };
		5D755A012A336B8B00052CB9 /* Word.swift */ = {isa = PBXFileReference; lastKnownFileType = sourcecode.swift; path = Word.swift; sourceTree = "<group>"; };
		5D755A032A336D5A00052CB9 /* WordRow.swift */ = {isa = PBXFileReference; lastKnownFileType = sourcecode.swift; path = WordRow.swift; sourceTree = "<group>"; };
		5D755A052A3469F900052CB9 /* WordBook.swift */ = {isa = PBXFileReference; lastKnownFileType = sourcecode.swift; path = WordBook.swift; sourceTree = "<group>"; };
		5D755A072A346D3200052CB9 /* WordBookDisplay.swift */ = {isa = PBXFileReference; lastKnownFileType = sourcecode.swift; path = WordBookDisplay.swift; sourceTree = "<group>"; };
		5D755A0C2A3487F400052CB9 /* ChartData.swift */ = {isa = PBXFileReference; lastKnownFileType = sourcecode.swift; path = ChartData.swift; sourceTree = "<group>"; };
		5D755A0E2A348EB400052CB9 /* PieChart.swift */ = {isa = PBXFileReference; lastKnownFileType = sourcecode.swift; path = PieChart.swift; sourceTree = "<group>"; };
		B81189B32A377FFB0063BE4A /* ViewController.swift */ = {isa = PBXFileReference; lastKnownFileType = sourcecode.swift; path = ViewController.swift; sourceTree = "<group>"; };
		B81189B52A37804F0063BE4A /* ARContentView.swift */ = {isa = PBXFileReference; lastKnownFileType = sourcecode.swift; path = ARContentView.swift; sourceTree = "<group>"; };
		B81189BB2A3787F80063BE4A /* Info.plist */ = {isa = PBXFileReference; lastKnownFileType = text.plist; path = Info.plist; sourceTree = "<group>"; };
		B81F80EF2A3DED58007CE396 /* HzzzJson.swift */ = {isa = PBXFileReference; fileEncoding = 4; lastKnownFileType = sourcecode.swift; path = HzzzJson.swift; sourceTree = "<group>"; };
		B81F80F22A3DEE7E007CE396 /* JsonPersistence.swift */ = {isa = PBXFileReference; lastKnownFileType = sourcecode.swift; path = JsonPersistence.swift; sourceTree = "<group>"; };
		B851FABA2A3F4E1600571109 /* pick.wav */ = {isa = PBXFileReference; lastKnownFileType = audio.wav; path = pick.wav; sourceTree = "<group>"; };
		B851FABC2A3F4E9A00571109 /* place.wav */ = {isa = PBXFileReference; lastKnownFileType = audio.wav; path = place.wav; sourceTree = "<group>"; };
		B8C9ACBD2A3F475C00E080C9 /* default.json */ = {isa = PBXFileReference; fileEncoding = 4; lastKnownFileType = text.json; path = default.json; sourceTree = "<group>"; };
/* End PBXFileReference section */

/* Begin PBXFrameworksBuildPhase section */
		5D7559E82A334E7900052CB9 /* Frameworks */ = {
			isa = PBXFrameworksBuildPhase;
			buildActionMask = 2147483647;
			files = (
			);
			runOnlyForDeploymentPostprocessing = 0;
		};
/* End PBXFrameworksBuildPhase section */

/* Begin PBXGroup section */
		5D7559E22A334E7900052CB9 = {
			isa = PBXGroup;
			children = (
				B8C9ACBD2A3F475C00E080C9 /* default.json */,
				B81189B22A377FD80063BE4A /* ARView */,
				5D7559ED2A334E7900052CB9 /* FinalProjectUI */,
				5D7559EC2A334E7900052CB9 /* Products */,
			);
			sourceTree = "<group>";
		};
		5D7559EC2A334E7900052CB9 /* Products */ = {
			isa = PBXGroup;
			children = (
				5D7559EB2A334E7900052CB9 /* AR Words.app */,
			);
			name = Products;
			sourceTree = "<group>";
		};
		5D7559ED2A334E7900052CB9 /* FinalProjectUI */ = {
			isa = PBXGroup;
			children = (
				B81189BB2A3787F80063BE4A /* Info.plist */,
				5D7559EE2A334E7900052CB9 /* FinalProjectUIApp.swift */,
				5D755A002A336B5E00052CB9 /* Models */,
				5D7559FC2A33698B00052CB9 /* Views */,
				5D7559F22A334E7D00052CB9 /* Assets.xcassets */,
				5D7559F42A334E7D00052CB9 /* Preview Content */,
			);
			path = FinalProjectUI;
			sourceTree = "<group>";
		};
		5D7559F42A334E7D00052CB9 /* Preview Content */ = {
			isa = PBXGroup;
			children = (
				5D7559F52A334E7D00052CB9 /* Preview Assets.xcassets */,
			);
			path = "Preview Content";
			sourceTree = "<group>";
		};
		5D7559FC2A33698B00052CB9 /* Views */ = {
			isa = PBXGroup;
			children = (
				5D7559F02A334E7900052CB9 /* ContentView.swift */,
				5D7559FE2A336B2D00052CB9 /* WordList.swift */,
				5D755A032A336D5A00052CB9 /* WordRow.swift */,
				5D755A072A346D3200052CB9 /* WordBookDisplay.swift */,
				5D65841F2A36FF4D006B4CC4 /* EditWordView.swift */,
				5D65841D2A35ACAB006B4CC4 /* MainUIView.swift */,
				5D6584212A371319006B4CC4 /* AddWordForm.swift */,
				5D755A092A346EC900052CB9 /* Helpers */,
			);
			path = Views;
			sourceTree = "<group>";
		};
		5D755A002A336B5E00052CB9 /* Models */ = {
			isa = PBXGroup;
			children = (
				B81F80EF2A3DED58007CE396 /* HzzzJson.swift */,
				5D755A012A336B8B00052CB9 /* Word.swift */,
				5D755A052A3469F900052CB9 /* WordBook.swift */,
				5D755A0C2A3487F400052CB9 /* ChartData.swift */,
				B81F80F22A3DEE7E007CE396 /* JsonPersistence.swift */,
			);
			path = Models;
			sourceTree = "<group>";
		};
		5D755A092A346EC900052CB9 /* Helpers */ = {
			isa = PBXGroup;
			children = (
				5D755A0E2A348EB400052CB9 /* PieChart.swift */,
			);
			path = Helpers;
			sourceTree = "<group>";
		};
		B81189B22A377FD80063BE4A /* ARView */ = {
			isa = PBXGroup;
			children = (
				B851FAB92A3F4DED00571109 /* audiodown */,
				B81189B32A377FFB0063BE4A /* ViewController.swift */,
				B81189B52A37804F0063BE4A /* ARContentView.swift */,
			);
			path = ARView;
			sourceTree = "<group>";
		};
		B851FAB92A3F4DED00571109 /* audiodown */ = {
			isa = PBXGroup;
			children = (
				B851FABA2A3F4E1600571109 /* pick.wav */,
				B851FABC2A3F4E9A00571109 /* place.wav */,
			);
			path = audiodown;
			sourceTree = "<group>";
		};
/* End PBXGroup section */

/* Begin PBXNativeTarget section */
		5D7559EA2A334E7900052CB9 /* AR Words */ = {
			isa = PBXNativeTarget;
			buildConfigurationList = 5D7559F92A334E7D00052CB9 /* Build configuration list for PBXNativeTarget "AR Words" */;
			buildPhases = (
				5D7559E72A334E7900052CB9 /* Sources */,
				5D7559E82A334E7900052CB9 /* Frameworks */,
				5D7559E92A334E7900052CB9 /* Resources */,
			);
			buildRules = (
			);
			dependencies = (
			);
			name = "AR Words";
			productName = FinalProjectUI;
			productReference = 5D7559EB2A334E7900052CB9 /* AR Words.app */;
			productType = "com.apple.product-type.application";
		};
/* End PBXNativeTarget section */

/* Begin PBXProject section */
		5D7559E32A334E7900052CB9 /* Project object */ = {
			isa = PBXProject;
			attributes = {
				BuildIndependentTargetsInParallel = 1;
				LastSwiftUpdateCheck = 1420;
				LastUpgradeCheck = 1420;
				TargetAttributes = {
					5D7559EA2A334E7900052CB9 = {
						CreatedOnToolsVersion = 14.2;
					};
				};
			};
			buildConfigurationList = 5D7559E62A334E7900052CB9 /* Build configuration list for PBXProject "AR Words" */;
			compatibilityVersion = "Xcode 14.0";
			developmentRegion = en;
			hasScannedForEncodings = 0;
			knownRegions = (
				en,
				Base,
			);
			mainGroup = 5D7559E22A334E7900052CB9;
			productRefGroup = 5D7559EC2A334E7900052CB9 /* Products */;
			projectDirPath = "";
			projectRoot = "";
			targets = (
				5D7559EA2A334E7900052CB9 /* AR Words */,
			);
		};
/* End PBXProject section */

/* Begin PBXResourcesBuildPhase section */
		5D7559E92A334E7900052CB9 /* Resources */ = {
			isa = PBXResourcesBuildPhase;
			buildActionMask = 2147483647;
			files = (
				B8C9ACBE2A3F475C00E080C9 /* default.json in Resources */,
				5D7559F62A334E7D00052CB9 /* Preview Assets.xcassets in Resources */,
				5D7559F32A334E7D00052CB9 /* Assets.xcassets in Resources */,
				B851FABD2A3F4E9A00571109 /* place.wav in Resources */,
				B851FABB2A3F4E1600571109 /* pick.wav in Resources */,
			);
			runOnlyForDeploymentPostprocessing = 0;
		};
/* End PBXResourcesBuildPhase section */

/* Begin PBXSourcesBuildPhase section */
		5D7559E72A334E7900052CB9 /* Sources */ = {
			isa = PBXSourcesBuildPhase;
			buildActionMask = 2147483647;
			files = (
				5D755A0F2A348EB400052CB9 /* PieChart.swift in Sources */,
				B81189B62A37804F0063BE4A /* ARContentView.swift in Sources */,
				5D6584222A371319006B4CC4 /* AddWordForm.swift in Sources */,
				5D7559F12A334E7900052CB9 /* ContentView.swift in Sources */,
				5D755A022A336B8B00052CB9 /* Word.swift in Sources */,
				5D755A062A3469F900052CB9 /* WordBook.swift in Sources */,
				5D755A0D2A3487F400052CB9 /* ChartData.swift in Sources */,
				5D6584202A36FF4D006B4CC4 /* EditWordView.swift in Sources */,
				5D7559EF2A334E7900052CB9 /* FinalProjectUIApp.swift in Sources */,
				B81F80F02A3DED58007CE396 /* HzzzJson.swift in Sources */,
				B81189B42A377FFB0063BE4A /* ViewController.swift in Sources */,
				5D755A042A336D5A00052CB9 /* WordRow.swift in Sources */,
				5D65841E2A35ACAB006B4CC4 /* MainUIView.swift in Sources */,
				5D7559FF2A336B2D00052CB9 /* WordList.swift in Sources */,
				5D755A082A346D3200052CB9 /* WordBookDisplay.swift in Sources */,
				B81F80F32A3DEE7E007CE396 /* JsonPersistence.swift in Sources */,
			);
			runOnlyForDeploymentPostprocessing = 0;
		};
/* End PBXSourcesBuildPhase section */

/* Begin XCBuildConfiguration section */
		5D7559F72A334E7D00052CB9 /* Debug */ = {
			isa = XCBuildConfiguration;
			buildSettings = {
				ALWAYS_SEARCH_USER_PATHS = NO;
				CLANG_ANALYZER_NONNULL = YES;
				CLANG_ANALYZER_NUMBER_OBJECT_CONVERSION = YES_AGGRESSIVE;
				CLANG_CXX_LANGUAGE_STANDARD = "gnu++20";
				CLANG_ENABLE_MODULES = YES;
				CLANG_ENABLE_OBJC_ARC = YES;
				CLANG_ENABLE_OBJC_WEAK = YES;
				CLANG_WARN_BLOCK_CAPTURE_AUTORELEASING = YES;
				CLANG_WARN_BOOL_CONVERSION = YES;
				CLANG_WARN_COMMA = YES;
				CLANG_WARN_CONSTANT_CONVERSION = YES;
				CLANG_WARN_DEPRECATED_OBJC_IMPLEMENTATIONS = YES;
				CLANG_WARN_DIRECT_OBJC_ISA_USAGE = YES_ERROR;
				CLANG_WARN_DOCUMENTATION_COMMENTS = YES;
				CLANG_WARN_EMPTY_BODY = YES;
				CLANG_WARN_ENUM_CONVERSION = YES;
				CLANG_WARN_INFINITE_RECURSION = YES;
				CLANG_WARN_INT_CONVERSION = YES;
				CLANG_WARN_NON_LITERAL_NULL_CONVERSION = YES;
				CLANG_WARN_OBJC_IMPLICIT_RETAIN_SELF = YES;
				CLANG_WARN_OBJC_LITERAL_CONVERSION = YES;
				CLANG_WARN_OBJC_ROOT_CLASS = YES_ERROR;
				CLANG_WARN_QUOTED_INCLUDE_IN_FRAMEWORK_HEADER = YES;
				CLANG_WARN_RANGE_LOOP_ANALYSIS = YES;
				CLANG_WARN_STRICT_PROTOTYPES = YES;
				CLANG_WARN_SUSPICIOUS_MOVE = YES;
				CLANG_WARN_UNGUARDED_AVAILABILITY = YES_AGGRESSIVE;
				CLANG_WARN_UNREACHABLE_CODE = YES;
				CLANG_WARN__DUPLICATE_METHOD_MATCH = YES;
				COPY_PHASE_STRIP = NO;
				DEBUG_INFORMATION_FORMAT = dwarf;
				ENABLE_STRICT_OBJC_MSGSEND = YES;
				ENABLE_TESTABILITY = YES;
				GCC_C_LANGUAGE_STANDARD = gnu11;
				GCC_DYNAMIC_NO_PIC = NO;
				GCC_NO_COMMON_BLOCKS = YES;
				GCC_OPTIMIZATION_LEVEL = 0;
				GCC_PREPROCESSOR_DEFINITIONS = (
					"DEBUG=1",
					"$(inherited)",
				);
				GCC_WARN_64_TO_32_BIT_CONVERSION = YES;
				GCC_WARN_ABOUT_RETURN_TYPE = YES_ERROR;
				GCC_WARN_UNDECLARED_SELECTOR = YES;
				GCC_WARN_UNINITIALIZED_AUTOS = YES_AGGRESSIVE;
				GCC_WARN_UNUSED_FUNCTION = YES;
				GCC_WARN_UNUSED_VARIABLE = YES;
				IPHONEOS_DEPLOYMENT_TARGET = 16.2;
				MTL_ENABLE_DEBUG_INFO = INCLUDE_SOURCE;
				MTL_FAST_MATH = YES;
				ONLY_ACTIVE_ARCH = YES;
				SDKROOT = iphoneos;
				SWIFT_ACTIVE_COMPILATION_CONDITIONS = DEBUG;
				SWIFT_OPTIMIZATION_LEVEL = "-Onone";
			};
			name = Debug;
		};
		5D7559F82A334E7D00052CB9 /* Release */ = {
			isa = XCBuildConfiguration;
			buildSettings = {
				ALWAYS_SEARCH_USER_PATHS = NO;
				CLANG_ANALYZER_NONNULL = YES;
				CLANG_ANALYZER_NUMBER_OBJECT_CONVERSION = YES_AGGRESSIVE;
				CLANG_CXX_LANGUAGE_STANDARD = "gnu++20";
				CLANG_ENABLE_MODULES = YES;
				CLANG_ENABLE_OBJC_ARC = YES;
				CLANG_ENABLE_OBJC_WEAK = YES;
				CLANG_WARN_BLOCK_CAPTURE_AUTORELEASING = YES;
				CLANG_WARN_BOOL_CONVERSION = YES;
				CLANG_WARN_COMMA = YES;
				CLANG_WARN_CONSTANT_CONVERSION = YES;
				CLANG_WARN_DEPRECATED_OBJC_IMPLEMENTATIONS = YES;
				CLANG_WARN_DIRECT_OBJC_ISA_USAGE = YES_ERROR;
				CLANG_WARN_DOCUMENTATION_COMMENTS = YES;
				CLANG_WARN_EMPTY_BODY = YES;
				CLANG_WARN_ENUM_CONVERSION = YES;
				CLANG_WARN_INFINITE_RECURSION = YES;
				CLANG_WARN_INT_CONVERSION = YES;
				CLANG_WARN_NON_LITERAL_NULL_CONVERSION = YES;
				CLANG_WARN_OBJC_IMPLICIT_RETAIN_SELF = YES;
				CLANG_WARN_OBJC_LITERAL_CONVERSION = YES;
				CLANG_WARN_OBJC_ROOT_CLASS = YES_ERROR;
				CLANG_WARN_QUOTED_INCLUDE_IN_FRAMEWORK_HEADER = YES;
				CLANG_WARN_RANGE_LOOP_ANALYSIS = YES;
				CLANG_WARN_STRICT_PROTOTYPES = YES;
				CLANG_WARN_SUSPICIOUS_MOVE = YES;
				CLANG_WARN_UNGUARDED_AVAILABILITY = YES_AGGRESSIVE;
				CLANG_WARN_UNREACHABLE_CODE = YES;
				CLANG_WARN__DUPLICATE_METHOD_MATCH = YES;
				COPY_PHASE_STRIP = NO;
				DEBUG_INFORMATION_FORMAT = "dwarf-with-dsym";
				ENABLE_NS_ASSERTIONS = NO;
				ENABLE_STRICT_OBJC_MSGSEND = YES;
				GCC_C_LANGUAGE_STANDARD = gnu11;
				GCC_NO_COMMON_BLOCKS = YES;
				GCC_WARN_64_TO_32_BIT_CONVERSION = YES;
				GCC_WARN_ABOUT_RETURN_TYPE = YES_ERROR;
				GCC_WARN_UNDECLARED_SELECTOR = YES;
				GCC_WARN_UNINITIALIZED_AUTOS = YES_AGGRESSIVE;
				GCC_WARN_UNUSED_FUNCTION = YES;
				GCC_WARN_UNUSED_VARIABLE = YES;
				IPHONEOS_DEPLOYMENT_TARGET = 16.2;
				MTL_ENABLE_DEBUG_INFO = NO;
				MTL_FAST_MATH = YES;
				SDKROOT = iphoneos;
				SWIFT_COMPILATION_MODE = wholemodule;
				SWIFT_OPTIMIZATION_LEVEL = "-O";
				VALIDATE_PRODUCT = YES;
			};
			name = Release;
		};
		5D7559FA2A334E7D00052CB9 /* Debug */ = {
			isa = XCBuildConfiguration;
			buildSettings = {
				ASSETCATALOG_COMPILER_APPICON_NAME = AppIcon;
				ASSETCATALOG_COMPILER_GLOBAL_ACCENT_COLOR_NAME = AccentColor;
				ASSETCATALOG_COMPILER_INCLUDE_ALL_APPICON_ASSETS = YES;
				CODE_SIGN_STYLE = Automatic;
				CURRENT_PROJECT_VERSION = 1;
				DEVELOPMENT_ASSET_PATHS = "\"FinalProjectUI/Preview Content\"";
				DEVELOPMENT_TEAM = 7534696NVV;
				ENABLE_PREVIEWS = YES;
				GENERATE_INFOPLIST_FILE = YES;
				INFOPLIST_FILE = FinalProjectUI/Info.plist;
				INFOPLIST_KEY_UIApplicationSceneManifest_Generation = YES;
				INFOPLIST_KEY_UIApplicationSupportsIndirectInputEvents = YES;
				INFOPLIST_KEY_UILaunchScreen_Generation = YES;
				INFOPLIST_KEY_UISupportedInterfaceOrientations_iPad = "UIInterfaceOrientationPortrait UIInterfaceOrientationPortraitUpsideDown UIInterfaceOrientationLandscapeLeft UIInterfaceOrientationLandscapeRight";
				INFOPLIST_KEY_UISupportedInterfaceOrientations_iPhone = "UIInterfaceOrientationPortrait UIInterfaceOrientationLandscapeLeft UIInterfaceOrientationLandscapeRight";
				LD_RUNPATH_SEARCH_PATHS = (
					"$(inherited)",
					"@executable_path/Frameworks",
				);
				MARKETING_VERSION = 1.0;
				PRODUCT_BUNDLE_IDENTIFIER = YixiaoHuang.FinalProjectUI;
				PRODUCT_NAME = "$(TARGET_NAME)";
				SUPPORTED_PLATFORMS = "iphoneos iphonesimulator";
				SUPPORTS_MACCATALYST = NO;
				SUPPORTS_MAC_DESIGNED_FOR_IPHONE_IPAD = NO;
				SWIFT_EMIT_LOC_STRINGS = YES;
				SWIFT_VERSION = 5.0;
				TARGETED_DEVICE_FAMILY = 2;
			};
			name = Debug;
		};
		5D7559FB2A334E7D00052CB9 /* Release */ = {
			isa = XCBuildConfiguration;
			buildSettings = {
				ASSETCATALOG_COMPILER_APPICON_NAME = AppIcon;
				ASSETCATALOG_COMPILER_GLOBAL_ACCENT_COLOR_NAME = AccentColor;
				ASSETCATALOG_COMPILER_INCLUDE_ALL_APPICON_ASSETS = YES;
				CODE_SIGN_STYLE = Automatic;
				CURRENT_PROJECT_VERSION = 1;
				DEVELOPMENT_ASSET_PATHS = "\"FinalProjectUI/Preview Content\"";
				DEVELOPMENT_TEAM = 7534696NVV;
				ENABLE_PREVIEWS = YES;
				GENERATE_INFOPLIST_FILE = YES;
				INFOPLIST_FILE = FinalProjectUI/Info.plist;
				INFOPLIST_KEY_UIApplicationSceneManifest_Generation = YES;
				INFOPLIST_KEY_UIApplicationSupportsIndirectInputEvents = YES;
				INFOPLIST_KEY_UILaunchScreen_Generation = YES;
				INFOPLIST_KEY_UISupportedInterfaceOrientations_iPad = "UIInterfaceOrientationPortrait UIInterfaceOrientationPortraitUpsideDown UIInterfaceOrientationLandscapeLeft UIInterfaceOrientationLandscapeRight";
				INFOPLIST_KEY_UISupportedInterfaceOrientations_iPhone = "UIInterfaceOrientationPortrait UIInterfaceOrientationLandscapeLeft UIInterfaceOrientationLandscapeRight";
				LD_RUNPATH_SEARCH_PATHS = (
					"$(inherited)",
					"@executable_path/Frameworks",
				);
				MARKETING_VERSION = 1.0;
				PRODUCT_BUNDLE_IDENTIFIER = YixiaoHuang.FinalProjectUI;
				PRODUCT_NAME = "$(TARGET_NAME)";
				SUPPORTED_PLATFORMS = "iphoneos iphonesimulator";
				SUPPORTS_MACCATALYST = NO;
				SUPPORTS_MAC_DESIGNED_FOR_IPHONE_IPAD = NO;
				SWIFT_EMIT_LOC_STRINGS = YES;
				SWIFT_VERSION = 5.0;
				TARGETED_DEVICE_FAMILY = 2;
			};
			name = Release;
		};
/* End XCBuildConfiguration section */

/* Begin XCConfigurationList section */
		5D7559E62A334E7900052CB9 /* Build configuration list for PBXProject "AR Words" */ = {
			isa = XCConfigurationList;
			buildConfigurations = (
				5D7559F72A334E7D00052CB9 /* Debug */,
				5D7559F82A334E7D00052CB9 /* Release */,
			);
			defaultConfigurationIsVisible = 0;
			defaultConfigurationName = Release;
		};
		5D7559F92A334E7D00052CB9 /* Build configuration list for PBXNativeTarget "AR Words" */ = {
			isa = XCConfigurationList;
			buildConfigurations = (
				5D7559FA2A334E7D00052CB9 /* Debug */,
				5D7559FB2A334E7D00052CB9 /* Release */,
			);
			defaultConfigurationIsVisible = 0;
			defaultConfigurationName = Release;
		};
/* End XCConfigurationList section */
	};
	rootObject = 5D7559E32A334E7900052CB9 /* Project object */;
}
